{
    "lockfileVersion": 2,
    "configVersion": 1,
    "workspaces": {
        "": {
            "name": "mcp-server",
            "dependencies": {
                "@modelcontextprotocol/hono": "^2",
                "@modelcontextprotocol/server": "^2",
                "@sentry/bun": "^10.75.0",
                "@sentry/hono": "^10.75.0",
                "hono": "^4",
                "zod": "^4",
            },
            "devDependencies": {
                "@types/bun": "^1.4.2",
                "typescript": "^7.0.2",
            },
        },
    },
    "packages": {
        "@apm-js-collab/code-transformer": [
            "@apm-js-collab/code-transformer@0.18.1",
            "",
            {
                "dependencies": { "@types/estree": "^1.0.8", "astring": "^1.9.0", "esquery": "^1.7.0", "meriyah": "^6.1.4", "semifies": "^1.0.0", "source-map": "^0.6.0" },
                "bin": { "code-transformer": "cli.js" },
            },
            "sha512-u1Hb6bHjWtkSpiprwVP6YaHC1DTN4RAU3zYkUDUe7WMnJwdyU1pwTL9dFKiSJB9IiLue/EQovmyx6xhU7FFtAQ==",
        ],

        "@apm-js-collab/code-transformer-bundler-plugins": [
            "@apm-js-collab/code-transformer-bundler-plugins@0.7.4",
            "",
            { "dependencies": { "@apm-js-collab/code-transformer": "^0.18.1", "es-module-lexer": "^2.1.0", "magic-string": "^0.30.21", "module-details-from-path": "^1.0.4" } },
            "sha512-nAfOeZPSUAQvJa1iFT/5oCrTm5YQhMMrfCNthNnaXHZiOQhu1KGuLoIx7HtbAi3wfwaBYLaICPIeenIaEwcXIg==",
        ],

        "@jridgewell/sourcemap-codec": ["@jridgewell/sourcemap-codec@1.6.0", "", {}, "sha512-T7jf+5zgsZHwNJ4lvQ7/aezbyk0nNX+zJVWpmHA7VYsEx7a7qr5Rg5IbtJFqkgze5Y2sruq1RUY8Q837Od7iFw=="],

        "@modelcontextprotocol/core": [
            "@modelcontextprotocol/core@2.0.0",
            "",
            { "dependencies": { "zod": "^4.2.0" } },
            "sha512-pJCEwGG7Lfr/+PQp9ZTwKXNeO5wzbfKL7H3MYpCorM4oFBoQrdjnBgEoqG+RjhsvS1FKrDbKux+M1HhlnGWqcA==",
        ],

        "@modelcontextprotocol/hono": [
            "@modelcontextprotocol/hono@2.0.0",
            "",
            { "peerDependencies": { "@modelcontextprotocol/server": "^2.0.0", "hono": "^4.11.4" } },
            "sha512-lKCSXRusLxpX63G+6og9ewcRkqVbjB2xSxpvU/VJhxcUkpvGgpDrmcgNRQ4dTapGr8AspNFdRBdmJc500Vhl/A==",
        ],

        "@modelcontextprotocol/server": [
            "@modelcontextprotocol/server@2.0.0",
            "",
            { "dependencies": { "@modelcontextprotocol/core": "2.0.0", "zod": "^4.2.0" } },
            "sha512-YhHWdHfpFMQfd0prsEnxKeS3Qz3ytIGmsS0sth4KDjnacIT7hxk6hXHkJ9KysxlkvTM+WZAtQbbcUhdoP4Hvtw==",
        ],

        "@opentelemetry/api": ["@opentelemetry/api@1.9.1", "", {}, "sha512-gLyJlPHPZYdAk1JENA9LeHejZe1Ti77/pTeFm/nMXmQH/HFZlcS/O2XJB+L8fkbrNSqhdtlvjBVjxwUYanNH5Q=="],

        "@opentelemetry/api-logs": [
            "@opentelemetry/api-logs@0.220.0",
            "",
            { "dependencies": { "@opentelemetry/api": "^1.3.0" } },
            "sha512-CmVa4ImJ+ynfrPMNaAXHET6Bhb44SwzmfyVJFq9ni2jgXJR/l7C6gfVFddNmHP+ZOkP9cf4f9DBe68qVLTHc9w==",
        ],

        "@opentelemetry/core": [
            "@opentelemetry/core@2.11.0",
            "",
            { "dependencies": { "@opentelemetry/semantic-conventions": "^1.29.0" }, "peerDependencies": { "@opentelemetry/api": ">=1.0.0 <1.10.0" } },
            "sha512-7YP44XH0tV6+Mb54x2YGf84i7yi+31MBZlE8JwvozkxyTvXbSp10X7cI7YE49ChJ3shMJoBmCJF3+1QFBJctGA==",
        ],

        "@opentelemetry/instrumentation": [
            "@opentelemetry/instrumentation@0.220.0",
            "",
            { "dependencies": { "@opentelemetry/api-logs": "0.220.0", "import-in-the-middle": "^3.0.0", "require-in-the-middle": "^8.0.0" }, "peerDependencies": { "@opentelemetry/api": "^1.3.0" } },
            "sha512-xQx3E2WxP1mDvKzxLxX+CTCtNLa560YJZ3087qYHerl2YmiKpv7AH+dAy7vmx+eVrZ5BwhfWUAVoKOoxCNHcpw==",
        ],

        "@opentelemetry/resources": [
            "@opentelemetry/resources@2.11.0",
            "",
            { "dependencies": { "@opentelemetry/core": "2.11.0", "@opentelemetry/semantic-conventions": "^1.29.0" }, "peerDependencies": { "@opentelemetry/api": ">=1.3.0 <1.10.0" } },
            "sha512-Ie7+8q8MDF4FAEQCKVMTx3ReUvxiIAgIiiW3c9JdmP8+HMcDy20puT+AHjexnExgnbvBxjQ9fjkFDWrikJ2jQA==",
        ],

        "@opentelemetry/sdk-trace": [
            "@opentelemetry/sdk-trace@2.11.0",
            "",
            {
                "dependencies": { "@opentelemetry/core": "2.11.0", "@opentelemetry/resources": "2.11.0", "@opentelemetry/semantic-conventions": "^1.29.0" },
                "peerDependencies": { "@opentelemetry/api": ">=1.3.0 <1.10.0" },
            },
            "sha512-fFnTqGm8/G73GQVnxYi7LXa1ZVYEUvgL6XI1LpvV0bPC7WQ/ZGgKxCSl8FnlZBKto9JHHEFTO6s6CUpvvtwFrA==",
        ],

        "@opentelemetry/sdk-trace-base": [
            "@opentelemetry/sdk-trace-base@2.11.0",
            "",
            {
                "dependencies": { "@opentelemetry/core": "2.11.0", "@opentelemetry/resources": "2.11.0", "@opentelemetry/sdk-trace": "2.11.0", "@opentelemetry/semantic-conventions": "^1.29.0" },
                "peerDependencies": { "@opentelemetry/api": ">=1.3.0 <1.10.0" },
            },
            "sha512-H19x/TX/LZdqiYOjM7fqtSxwlplC5pgelavqbQdHbhdq0q/AI/TGkM2dfGuuynTXmJPeF2HoZVoPDu+TGoW78A==",
        ],

        "@opentelemetry/semantic-conventions": [
            "@opentelemetry/semantic-conventions@1.43.0",
            "",
            {},
            "sha512-eSYWTm620tTk45EKSedaUL8MFYI8hW164hIXsgIHyxu3VobUB3fFCu5t0hQby6OoWRPsG1KkKUG2M5UadiLiVg==",
        ],

        "@sentry/bun": [
            "@sentry/bun@10.75.0",
            "",
            {
                "dependencies": {
                    "@apm-js-collab/code-transformer-bundler-plugins": "^0.7.3",
                    "@sentry/conventions": "^0.16.0",
                    "@sentry/core": "10.75.0",
                    "@sentry/node": "10.75.0",
                    "@sentry/server-utils": "10.75.0",
                },
            },
            "sha512-jwToO/VbVD7c65Pf0+Mx+Z6WobK3jaB2lmnfjAzB/yy7x5CHiEfdvcaFjvc4Xiys/XaAxML9DKfHt9E93X2rCg==",
        ],

        "@sentry/conventions": ["@sentry/conventions@0.16.0", "", {}, "sha512-fO9PLmHdVURcSPUpWCItWAtgKiMwGdJHbovoSEyLplX5sxs2ugvI4CBPTrkkgqhObnZOD0CnWBKDzSVQYBKEyQ=="],

        "@sentry/core": [
            "@sentry/core@10.75.0",
            "",
            { "dependencies": { "@sentry/conventions": "^0.16.0" } },
            "sha512-5wDQpQqjJ6RHdPR+z6Q+47XlwoxRKBv0yyB0LKHqL/1azPOQbR+nllyLmmQDcoJpaksuLSmLA1q6hFX7gjDT2w==",
        ],

        "@sentry/hono": [
            "@sentry/hono@10.75.0",
            "",
            {
                "dependencies": { "@opentelemetry/api": "^1.9.1", "@sentry/conventions": "^0.16.0", "@sentry/core": "10.75.0" },
                "peerDependencies": {
                    "@cloudflare/workers-types": "^4.x",
                    "@hono/node-server": "^1.x || ^2.x",
                    "@sentry/bun": "10.75.0",
                    "@sentry/cloudflare": "10.75.0",
                    "@sentry/deno": "10.75.0",
                    "@sentry/node": "10.75.0",
                    "hono": "^4.x",
                },
                "optionalPeers": ["@cloudflare/workers-types", "@hono/node-server", "@sentry/bun", "@sentry/cloudflare", "@sentry/deno", "@sentry/node"],
            },
            "sha512-G++UrMcwhaSVptGMQMxRhgrb4fLfd628kzHFEbAK3lmiRig2s9QjryYoiN8/iegn5c3ZI9VoxwCeqqFeBk0Plw==",
        ],

        "@sentry/node": [
            "@sentry/node@10.75.0",
            "",
            {
                "dependencies": {
                    "@opentelemetry/api": "^1.9.1",
                    "@opentelemetry/instrumentation": "^0.220.0",
                    "@opentelemetry/sdk-trace-base": "^2.9.0",
                    "@sentry/conventions": "^0.16.0",
                    "@sentry/core": "10.75.0",
                    "@sentry/node-core": "10.75.0",
                    "@sentry/opentelemetry": "10.75.0",
                    "@sentry/server-utils": "10.75.0",
                    "import-in-the-middle": "^3.0.0",
                },
            },
            "sha512-XdYW+SEiscQnuugh1hMldfnHurmleKSTSDqgfro6Y1yd7s0r2csnZ5/SEYxIeL4lSl1QXg1lIA1pBmAXjcdnKA==",
        ],

        "@sentry/node-core": [
            "@sentry/node-core@10.75.0",
            "",
            {
                "dependencies": { "@sentry/conventions": "^0.16.0", "@sentry/core": "10.75.0", "@sentry/opentelemetry": "10.75.0", "import-in-the-middle": "^3.0.0" },
                "peerDependencies": {
                    "@opentelemetry/api": "^1.9.0",
                    "@opentelemetry/core": "^1.30.1 || ^2.1.0",
                    "@opentelemetry/exporter-trace-otlp-http": ">=0.57.0 <1",
                    "@opentelemetry/instrumentation": ">=0.57.1 <1",
                    "@opentelemetry/sdk-trace-base": "^1.30.1 || ^2.1.0",
                },
                "optionalPeers": ["@opentelemetry/api", "@opentelemetry/core", "@opentelemetry/exporter-trace-otlp-http", "@opentelemetry/instrumentation", "@opentelemetry/sdk-trace-base"],
            },
            "sha512-+E3KSX1oMqhpWQ23hj6NblIVUzLy3T2oceU7DfMX1s1ar+npaQZxR5K0/cMGcQgS1LLm8Jqwqo/lrZlKTCDm5A==",
        ],

        "@sentry/opentelemetry": [
            "@sentry/opentelemetry@10.75.0",
            "",
            {
                "dependencies": { "@sentry/conventions": "^0.16.0", "@sentry/core": "10.75.0" },
                "peerDependencies": { "@opentelemetry/api": "^1.9.0", "@opentelemetry/core": "^1.30.1 || ^2.1.0", "@opentelemetry/sdk-trace-base": "^1.30.1 || ^2.1.0" },
            },
            "sha512-reJoMtuHMuaiztoDVoaeitc22eHlTAvz2qpFhibWyzukJlF8oXB+o8EvDN9mmDDMedU89c//cXRcnPBlJvUxcw==",
        ],

        "@sentry/server-utils": [
            "@sentry/server-utils@10.75.0",
            "",
            { "dependencies": { "@sentry/conventions": "^0.16.0", "@sentry/core": "10.75.0" } },
            "sha512-7fIa9vFGNzB13hmxl8Sip3xImSkqpc4wETzuQ7CLzVOwPvwI6y/gVEm0pxRhtJSq8SzfOp26eJWl80u8v78Osg==",
        ],

        "@types/bun": ["@types/bun@1.4.2", "", { "dependencies": { "bun-types": "1.4.2" } }, "sha512-GimotNn7+ZV0uVArItBbriZsR1oNf0+WTzPkdcFrzShI7k2norL0uzEaJT8T33dWr7O/c9ZDuAFQrctKCi72oQ=="],

        "@types/estree": ["@types/estree@1.0.9", "", {}, "sha512-GhdPgy1el4/ImP05X05Uw4cw2/M93BCUmnEvWZNStlCzEKME4Fkk+YpoA5OiHNQmoS7Cafb8Xa3Pya8m1Qrzeg=="],

        "@types/node": [
            "@types/node@22.20.3",
            "",
            { "dependencies": { "undici-types": "~6.21.0" } },
            "sha512-DZmzkmwHzXrLPAXPyKNDzlIwMMUZCVacoD25ywdy5YTKGbOx/2ld+Q38Im2zJ0vBuZP5Prd3VZutKZyXwkOS8A==",
        ],

        "@typescript/typescript-aix-ppc64": [
            "@typescript/typescript-aix-ppc64@7.0.2",
            "",
            { "os": "aix", "cpu": "ppc64" },
            "sha512-MTKKkWB7p/0E9xi1d1tHtZ5PiLkGEMIq88pK2CubZjOsLtYTLqhgIgi6zepFa+9GHZ6h05NMCkQxGKiPXMxXtQ==",
        ],

        "@typescript/typescript-darwin-arm64": [
            "@typescript/typescript-darwin-arm64@7.0.2",
            "",
            { "os": "darwin", "cpu": "arm64" },
            "sha512-gowzar9MwS/aRWp6f3a4KUqzRjAZjOsmGNCM6LcTgXum+dBfgsBVMN+AgvOCCbguXyick6LJhpBszxMebJ8syA==",
        ],

        "@typescript/typescript-darwin-x64": [
            "@typescript/typescript-darwin-x64@7.0.2",
            "",
            { "os": "darwin", "cpu": "x64" },
            "sha512-SZ9xZInqApNlNGc9s0W1VSsktYSOe9cFqNOIqmN1Gs8SmkjKZYFt017G4VwPxASInODuAdbTW7sXiFUf893RgA==",
        ],

        "@typescript/typescript-freebsd-arm64": [
            "@typescript/typescript-freebsd-arm64@7.0.2",
            "",
            { "os": "freebsd", "cpu": "arm64" },
            "sha512-W5NH4y/J0plIIS5b2xvTEkU7JFxyqdMAOgf+Ilhl0vHQXKO5dZoxd+C/jEtq56c4F3wk71RB4BMRQ2XdI+bwYQ==",
        ],

        "@typescript/typescript-freebsd-x64": [
            "@typescript/typescript-freebsd-x64@7.0.2",
            "",
            { "os": "freebsd", "cpu": "x64" },
            "sha512-UMGDx5sTpzNw3WiPebH7l90IWfJggEd+egHt/q6p7/Cm3zqoV7VxkGXt+3DxPIw8CcmvAB0j3sVVfbhX+M4Tpw==",
        ],

        "@typescript/typescript-linux-arm": [
            "@typescript/typescript-linux-arm@7.0.2",
            "",
            { "os": "linux", "cpu": "arm" },
            "sha512-gffT3xPz9sR7j/YJExkyPntrI0P2EP9XbOyWzth2/Gs0RstK+90RBcO0ncXoXy/beYll1SXw846Nf2zdnEz0QQ==",
        ],

        "@typescript/typescript-linux-arm64": [
            "@typescript/typescript-linux-arm64@7.0.2",
            "",
            { "os": "linux", "cpu": "arm64" },
            "sha512-Qh4eU4/y3yDjnfjjyPYihMj5/ODIlmt+Bzu17OI+fiSRDW57QmU5SiN63exPRNJPKUzcc1INa1NXdrJ+MqHjUQ==",
        ],

        "@typescript/typescript-linux-loong64": [
            "@typescript/typescript-linux-loong64@7.0.2",
            "",
            { "os": "linux", "cpu": "none" },
            "sha512-uEHck9i8hoAzXPiYRib1O7miOnz23SxIeVl6F4LXox+qov1K35jHcEW6VHKvZI+pyvl7fZEP4MCU5LYvIq1GuQ==",
        ],

        "@typescript/typescript-linux-mips64el": [
            "@typescript/typescript-linux-mips64el@7.0.2",
            "",
            { "os": "linux", "cpu": "none" },
            "sha512-R4KvAMnE43W5Qeqb0Ly56O3mWMWIAgsMyz36DCaycd5nbg/9kzm0liw3JocfRqyJY0KPmzFjbswozXyW0DnIYA==",
        ],

        "@typescript/typescript-linux-ppc64": [
            "@typescript/typescript-linux-ppc64@7.0.2",
            "",
            { "os": "linux", "cpu": "ppc64" },
            "sha512-DORx5b3sd/4S7eayxm4FQv+A7CrkUIGRaHiwI8oiHTAI1fAPWhF4J0vAlkC8biAlHSVVwxMQ3tjZ2/DVbnQiiA==",
        ],

        "@typescript/typescript-linux-riscv64": [
            "@typescript/typescript-linux-riscv64@7.0.2",
            "",
            { "os": "linux", "cpu": "none" },
            "sha512-wf0jqEDOjrPRnKwYRyyJDRo11KMbvMFrU+q4zqKyChODBzvlkbhNQfKvLxQCcwTpdDaXSHZTVuh0JoCrKCUMHQ==",
        ],

        "@typescript/typescript-linux-s390x": [
            "@typescript/typescript-linux-s390x@7.0.2",
            "",
            { "os": "linux", "cpu": "s390x" },
            "sha512-IkwJc3L7yhytWd/ewjyxNDfOmswCm9GWMJT/ue/dU4aZNbwZeYAetq42VyLmsmSjvoX7z74X6ZaYCtzAr0EuGw==",
        ],

        "@typescript/typescript-linux-x64": [
            "@typescript/typescript-linux-x64@7.0.2",
            "",
            { "os": "linux", "cpu": "x64" },
            "sha512-EYdf2cNg7rgCWJnxCdJ+F3V39O8ihb37eHAu1LK8oAFizgTQbPOK7zHHXbPt8rX24COqODXeI3sIf0fCXG7H/A==",
        ],

        "@typescript/typescript-netbsd-arm64": [
            "@typescript/typescript-netbsd-arm64@7.0.2",
            "",
            { "os": "none", "cpu": "arm64" },
            "sha512-+polYF4MF04aPpO5FTkHran9yUQDSXqy5GiSDKpsll5jy3l3+g9QLhpf39T+ePtefhXLOGrLl0QIjkQP6VnelA==",
        ],

        "@typescript/typescript-netbsd-x64": [
            "@typescript/typescript-netbsd-x64@7.0.2",
            "",
            { "os": "none", "cpu": "x64" },
            "sha512-8YIT0EHM/3dq10ZOVF/A7pc/YSMtbcecct4rWtexrnSCHOPcpC2KTLXfTCR6vDpnSiY12heNb1GiN/wu+T/FyA==",
        ],

        "@typescript/typescript-openbsd-arm64": [
            "@typescript/typescript-openbsd-arm64@7.0.2",
            "",
            { "os": "openbsd", "cpu": "arm64" },
            "sha512-APT8+ClYnuYm1u9+kgGXoMj2VzWzcymwh2gNSQVySHfkRDGOTVkoWLjCmOQSaO+PoqQ57B0flRp9SA+7GnnkzQ==",
        ],

        "@typescript/typescript-openbsd-x64": [
            "@typescript/typescript-openbsd-x64@7.0.2",
            "",
            { "os": "openbsd", "cpu": "x64" },
            "sha512-yX7s+Q0Dln0Dt9tEzZsAjXXR/+ytBM7AlglaqyeMPxQszJ1JhlJdZ6jLA+IzldHtflX81em7lDao1xXu+aRRkg==",
        ],

        "@typescript/typescript-sunos-x64": [
            "@typescript/typescript-sunos-x64@7.0.2",
            "",
            { "os": "sunos", "cpu": "x64" },
            "sha512-dLJDGaLZ1D4HPQn62u1n8mBDkJREwMsAkCdkwd4Ieqw+x3TUyTsqY0YiBCtE6H6OzzgGk3iuZ3vFWRS+E8/d1g==",
        ],

        "@typescript/typescript-win32-arm64": [
            "@typescript/typescript-win32-arm64@7.0.2",
            "",
            { "os": "win32", "cpu": "arm64" },
            "sha512-Gyl1Vy6OsWesLzmq+EP0Fb7b4Nid5232AvcA2SFcdYreldpNtYFFofPjnt62y9hQy7VTaZp65ICJjuAQRaVcIQ==",
        ],

        "@typescript/typescript-win32-x64": [
            "@typescript/typescript-win32-x64@7.0.2",
            "",
            { "os": "win32", "cpu": "x64" },
            "sha512-0BQ3HkAHHlKLSp1qRvf3SUhGpGsDuhB/jgFw75guyqbxJqEaS0Cw/VFO8i2nHglJUzQCRtMMR/IBAKE3ETMC4g==",
        ],

        "astring": ["astring@1.9.0", "", { "bin": { "astring": "bin/astring" } }, "sha512-LElXdjswlqjWrPpJFg1Fx4wpkOCxj1TDHlSV4PlaRxHGWko024xICaa97ZkMfs6DRKlCguiAI+rbXv5GWwXIkg=="],

        "bun-types": ["bun-types@1.4.2", "", { "dependencies": { "@types/node": "*" } }, "sha512-bxV1FgK7yBIzjRe5zBozIM4Bem11ZJcCXSrjWRG3YWLt8yFDePu4cLjpebO8OvPeIE9trbyPF4fuj3Cia4Fj3w=="],

        "cjs-module-lexer": ["cjs-module-lexer@2.2.1", "", {}, "sha512-Ca8swihM+/4yKecYHY52kgJd300hi2lADU/a1RxNTRe+RJ9jvqQlESpbz9DnG9mowez8qwXHB8qYdIUw9e+F5Q=="],

        "debug": [
            "debug@4.4.3",
            "",
            { "dependencies": { "ms": "^2.1.3" }, "peerDependencies": { "supports-color": "*" }, "optionalPeers": ["supports-color"] },
            "sha512-RGwwWnwQvkVfavKVt22FGLw+xYSdzARwm0ru6DhTVA3umU5hZc28V3kO4stgYryrTlLpuvgI9GiijltAjNbcqA==",
        ],

        "es-module-lexer": ["es-module-lexer@2.3.2", "", {}, "sha512-poHGpORABojJJucnV9KbOavETW8lBVnphkW77ER5/BQ5Fz7oXSoCNek7IH3vR5nRjdsEz926ibFYX8KtLQmdyw=="],

        "esquery": ["esquery@1.7.0", "", { "dependencies": { "estraverse": "^5.1.0" } }, "sha512-Ap6G0WQwcU/LHsvLwON1fAQX9Zp0A2Y6Y/cJBl9r/JbW90Zyg4/zbG6zzKa2OTALELarYHmKu0GhpM5EO+7T0g=="],

        "estraverse": ["estraverse@5.3.0", "", {}, "sha512-MMdARuVEQziNTeJD8DgMqmhwR11BRQ/cBP+pLtYdSTnf3MIO8fFeiINEbX36ZdNlfU/7A9f3gUw49B3oQsvwBA=="],

        "hono": ["hono@4.13.8", "", {}, "sha512-/Gng7NfoykZl2pjukW5Z6+8Yxm3BPRf86GTbQnt0SbySkvax4fyL4H3HhY1cCpBGmiW9XDRFzRV+CXK2W8QudQ=="],

        "import-in-the-middle": [
            "import-in-the-middle@3.5.1",
            "",
            { "dependencies": { "cjs-module-lexer": "^2.2.0", "es-module-lexer": "^3.0.2", "module-details-from-path": "^1.0.4" } },
            "sha512-mPKuL8bPQzecui2KK6Gb+M8JvJoHnhS1FeYGa22QopBmlevF5F0FE6ued/B5EgHDeIoMTONIpDWWFKUPOG0DBQ==",
        ],

        "magic-string": [
            "magic-string@0.30.21",
            "",
            { "dependencies": { "@jridgewell/sourcemap-codec": "^1.5.5" } },
            "sha512-vd2F4YUyEXKGcLHoq+TEyCjxueSeHnFxyyjNp80yg0XV4vUhnDer/lvvlqM/arB5bXQN5K2/3oinyCRyx8T2CQ==",
        ],

        "meriyah": ["meriyah@6.1.4", "", {}, "sha512-Sz8FzjzI0kN13GK/6MVEsVzMZEPvOhnmmI1lU5+/1cGOiK3QUahntrNNtdVeihrO7t9JpoH75iMNXg6R6uWflQ=="],

        "module-details-from-path": ["module-details-from-path@1.0.4", "", {}, "sha512-EGWKgxALGMgzvxYF1UyGTy0HXX/2vHLkw6+NvDKW2jypWbHpjQuj4UMcqQWXHERJhVGKikolT06G3bcKe4fi7w=="],

        "ms": ["ms@2.1.3", "", {}, "sha512-6FlzubTLZG3J2a/NVCAleEhjzq5oxgHyaCU9yYXvcLsvoVaHJq/s5xXI6/XXP6tz7R9xAOtHnSO/tXtF3WRTlA=="],

        "require-in-the-middle": [
            "require-in-the-middle@8.0.1",
            "",
            { "dependencies": { "debug": "^4.3.5", "module-details-from-path": "^1.0.3" } },
            "sha512-QT7FVMXfWOYFbeRBF6nu+I6tr2Tf3u0q8RIEjNob/heKY/nh7drD/k7eeMFmSQgnTtCzLDcCu/XEnpW2wk4xCQ==",
        ],

        "semifies": ["semifies@1.0.0", "", {}, "sha512-xXR3KGeoxTNWPD4aBvL5NUpMTT7WMANr3EWnaS190QVkY52lqqcVRD7Q05UVbBhiWDGWMlJEUam9m7uFFGVScw=="],

        "source-map": ["source-map@0.6.1", "", {}, "sha512-UjgapumWlbMhkBgzT7Ykc5YXUT46F0iKu8SGXq0bcwP5dz/h0Plj6enJqjz1Zbq2l5WaqYnrVbwWOWMyF3F47g=="],

        "typescript": [
            "typescript@7.0.2",
            "",
            {
                "optionalDependencies": {
                    "@typescript/typescript-aix-ppc64": "7.0.2",
                    "@typescript/typescript-darwin-arm64": "7.0.2",
                    "@typescript/typescript-darwin-x64": "7.0.2",
                    "@typescript/typescript-freebsd-arm64": "7.0.2",
                    "@typescript/typescript-freebsd-x64": "7.0.2",
                    "@typescript/typescript-linux-arm": "7.0.2",
                    "@typescript/typescript-linux-arm64": "7.0.2",
                    "@typescript/typescript-linux-loong64": "7.0.2",
                    "@typescript/typescript-linux-mips64el": "7.0.2",
                    "@typescript/typescript-linux-ppc64": "7.0.2",
                    "@typescript/typescript-linux-riscv64": "7.0.2",
                    "@typescript/typescript-linux-s390x": "7.0.2",
                    "@typescript/typescript-linux-x64": "7.0.2",
                    "@typescript/typescript-netbsd-arm64": "7.0.2",
                    "@typescript/typescript-netbsd-x64": "7.0.2",
                    "@typescript/typescript-openbsd-arm64": "7.0.2",
                    "@typescript/typescript-openbsd-x64": "7.0.2",
                    "@typescript/typescript-sunos-x64": "7.0.2",
                    "@typescript/typescript-win32-arm64": "7.0.2",
                    "@typescript/typescript-win32-x64": "7.0.2",
                },
                "bin": { "tsc": "bin/tsc" },
            },
            "sha512-8FYau96o3NKOhbjKi/qNvG/W5jhzxkbdm5sj9AbZ/5T5sWqn3hJgLfGx27sRKZWTvyzCP8dLRBTf5tBTSRVUNA==",
        ],

        "undici-types": ["undici-types@6.21.0", "", {}, "sha512-iwDZqg0QAGrg9Rav5H4n0M64c3mkR59cJ6wQp+7C4nI0gsmExaedaYLNO44eT4AtBBwjbTiGPMlt2Md0T9H9JQ=="],

        "zod": ["zod@4.6.5", "", {}, "sha512-v5l/aFXZQeai4awLbOpSoHecE9UiMrnfx75tEXLjNonXVARxQ5mOeipTjROUchszUNCqnE+hqAMujRsRHsut2Q=="],

        "import-in-the-middle/es-module-lexer": ["es-module-lexer@3.0.2", "", {}, "sha512-BuIB67FngDSyQ/dpQNOZybwdEBDUGJQvOqwWr4ha/ufYiqzuEwPkKO2zLhRAgay28tStRIHUeWmszZAJo3GCOg=="],
    },
}
